
Microsoft Visual Studio Solution File, Format Version 12.00
# Visual Studio Version 16
VisualStudioVersion = 16.0.30128.74
MinimumVisualStudioVersion = 10.0.40219.1
Project("{FAE04EC0-301F-11D3-BF4B-00C04F79EFBC}") = "ProbabilidadYEstadística", "ProbabilidadYEstadística\ProbabilidadYEstadística.csproj", "{0C06A1B0-15F8-4F23-A62A-5F3F5433280C}"
EndProject
Project("{FAE04EC0-301F-11D3-BF4B-00C04F79EFBC}") = "EstadisticaDescriptivaTest", "EstadisticaDescriptivaTest\EstadisticaDescriptivaTest.csproj", "{559F369F-75F5-4A28-9580-BF4E6B390CAA}"
EndProject
Global
	GlobalSection(SolutionConfigurationPlatforms) = preSolution
		Debug|Any CPU = Debug|Any CPU
		Release|Any CPU = Release|Any CPU
	EndGlobalSection
	GlobalSection(ProjectConfigurationPlatforms) = postSolution
		{0C06A1B0-15F8-4F23-A62A-5F3F5433280C}.Debug|Any CPU.ActiveCfg = Debug|Any CPU
		{0C06A1B0-15F8-4F23-A62A-5F3F5433280C}.Debug|Any CPU.Build.0 = Debug|Any CPU
		{0C06A1B0-15F8-4F23-A62A-5F3F5433280C}.Release|Any CPU.ActiveCfg = Release|Any CPU
		{0C06A1B0-15F8-4F23-A62A-5F3F5433280C}.Release|Any CPU.Build.0 = Release|Any CPU
		{559F369F-75F5-4A28-9580-BF4E6B390CAA}.Debug|Any CPU.ActiveCfg = Debug|Any CPU
		{559F369F-75F5-4A28-9580-BF4E6B390CAA}.Debug|Any CPU.Build.0 = Debug|Any CPU
		{559F369F-75F5-4A28-9580-BF4E6B390CAA}.Release|Any CPU.ActiveCfg = Release|Any CPU
		{559F369F-75F5-4A28-9580-BF4E6B390CAA}.Release|Any CPU.Build.0 = Release|Any CPU
	EndGlobalSection
	GlobalSection(SolutionProperties) = preSolution
		HideSolutionNode = FALSE
	EndGlobalSection
	GlobalSection(ExtensibilityGlobals) = postSolution
		SolutionGuid = {2582926D-9A59-420B-BAF1-F880F29BBC60}
	EndGlobalSection
EndGlobal
